
Microsoft Visual Studio Solution File, Format Version 12.00
# Visual Studio 15
VisualStudioVersion = 15.0.26124.0
MinimumVisualStudioVersion = 15.0.26124.0
Project("{FAE04EC0-301F-11D3-BF4B-00C04F79EFBC}") = "Aionian", "Library\Aionian.csproj", "{B79F6019-31E8-4063-8D16-0D34DB4E05AF}"
EndProject
Project("{FAE04EC0-301F-11D3-BF4B-00C04F79EFBC}") = "Terminal", "Terminal\Terminal.csproj", "{B01B1C92-516A-4FD0-872E-0E275EB0A304}"
EndProject
Global
	GlobalSection(SolutionConfigurationPlatforms) = preSolution
		Debug|Any CPU = Debug|Any CPU
		Debug|x64 = Debug|x64
		Debug|x86 = Debug|x86
		Release|Any CPU = Release|Any CPU
		Release|x64 = Release|x64
		Release|x86 = Release|x86
	EndGlobalSection
	GlobalSection(SolutionProperties) = preSolution
		HideSolutionNode = FALSE
	EndGlobalSection
	GlobalSection(ProjectConfigurationPlatforms) = postSolution
		{B79F6019-31E8-4063-8D16-0D34DB4E05AF}.Debug|Any CPU.ActiveCfg = Debug|Any CPU
		{B79F6019-31E8-4063-8D16-0D34DB4E05AF}.Debug|Any CPU.Build.0 = Debug|Any CPU
		{B79F6019-31E8-4063-8D16-0D34DB4E05AF}.Debug|x64.ActiveCfg = Debug|Any CPU
		{B79F6019-31E8-4063-8D16-0D34DB4E05AF}.Debug|x64.Build.0 = Debug|Any CPU
		{B79F6019-31E8-4063-8D16-0D34DB4E05AF}.Debug|x86.ActiveCfg = Debug|Any CPU
		{B79F6019-31E8-4063-8D16-0D34DB4E05AF}.Debug|x86.Build.0 = Debug|Any CPU
		{B79F6019-31E8-4063-8D16-0D34DB4E05AF}.Release|Any CPU.ActiveCfg = Release|Any CPU
		{B79F6019-31E8-4063-8D16-0D34DB4E05AF}.Release|Any CPU.Build.0 = Release|Any CPU
		{B79F6019-31E8-4063-8D16-0D34DB4E05AF}.Release|x64.ActiveCfg = Release|Any CPU
		{B79F6019-31E8-4063-8D16-0D34DB4E05AF}.Release|x64.Build.0 = Release|Any CPU
		{B79F6019-31E8-4063-8D16-0D34DB4E05AF}.Release|x86.ActiveCfg = Release|Any CPU
		{B79F6019-31E8-4063-8D16-0D34DB4E05AF}.Release|x86.Build.0 = Release|Any CPU
		{B01B1C92-516A-4FD0-872E-0E275EB0A304}.Debug|Any CPU.ActiveCfg = Debug|Any CPU
		{B01B1C92-516A-4FD0-872E-0E275EB0A304}.Debug|Any CPU.Build.0 = Debug|Any CPU
		{B01B1C92-516A-4FD0-872E-0E275EB0A304}.Debug|x64.ActiveCfg = Debug|Any CPU
		{B01B1C92-516A-4FD0-872E-0E275EB0A304}.Debug|x64.Build.0 = Debug|Any CPU
		{B01B1C92-516A-4FD0-872E-0E275EB0A304}.Debug|x86.ActiveCfg = Debug|Any CPU
		{B01B1C92-516A-4FD0-872E-0E275EB0A304}.Debug|x86.Build.0 = Debug|Any CPU
		{B01B1C92-516A-4FD0-872E-0E275EB0A304}.Release|Any CPU.ActiveCfg = Release|Any CPU
		{B01B1C92-516A-4FD0-872E-0E275EB0A304}.Release|Any CPU.Build.0 = Release|Any CPU
		{B01B1C92-516A-4FD0-872E-0E275EB0A304}.Release|x64.ActiveCfg = Release|Any CPU
		{B01B1C92-516A-4FD0-872E-0E275EB0A304}.Release|x64.Build.0 = Release|Any CPU
		{B01B1C92-516A-4FD0-872E-0E275EB0A304}.Release|x86.ActiveCfg = Release|Any CPU
		{B01B1C92-516A-4FD0-872E-0E275EB0A304}.Release|x86.Build.0 = Release|Any CPU
	EndGlobalSection
EndGlobal
